
Microsoft Visual Studio Solution File, Format Version 12.00
# Visual Studio Version 17
VisualStudioVersion = 17.1.32228.430
MinimumVisualStudioVersion = 10.0.40219.1
Project("{9A19103F-16F7-4668-BE54-9A1E7A4F7556}") = "e-Agenda.WinApp", "e-Agenda.WinApp\e-Agenda.WinApp.csproj", "{7D067962-4BBF-4070-A660-E1A7D5B592DE}"
EndProject
Project("{2150E333-8FDC-42A3-9474-1A3956D46DE8}") = "1 - Apresentação", "1 - Apresentação", "{9F82727E-D6A3-4FB6-BB92-59BC2EEBAAFD}"
EndProject
Project("{2150E333-8FDC-42A3-9474-1A3956D46DE8}") = "2 - Dominio", "2 - Dominio", "{239A1C06-DDFF-41FD-B8D3-3678BEC73022}"
EndProject
Project("{2150E333-8FDC-42A3-9474-1A3956D46DE8}") = "3 - Infra", "3 - Infra", "{A896DE44-2297-47F4-B83F-738A57BEBA4F}"
EndProject
Project("{9A19103F-16F7-4668-BE54-9A1E7A4F7556}") = "e-Agenda.Dominio", "e-Agenda.Dominio\e-Agenda.Dominio.csproj", "{A4682521-4A19-4541-B70C-D3DE592F6CFD}"
EndProject
Project("{9A19103F-16F7-4668-BE54-9A1E7A4F7556}") = "e-Agenda.Infra.Arquivos", "e-Agenda.Infra.Arquivos\e-Agenda.Infra.Arquivos.csproj", "{8D6A0780-C274-4BDB-B5C3-DDED219A4F46}"
EndProject
Project("{2150E333-8FDC-42A3-9474-1A3956D46DE8}") = "Solution Items", "Solution Items", "{D79321A4-9084-46F0-8BAE-21DE21372502}"
	ProjectSection(SolutionItems) = preProject
		.editorconfig = .editorconfig
	EndProjectSection
EndProject
Global
	GlobalSection(SolutionConfigurationPlatforms) = preSolution
		Debug|Any CPU = Debug|Any CPU
		Release|Any CPU = Release|Any CPU
	EndGlobalSection
	GlobalSection(ProjectConfigurationPlatforms) = postSolution
		{7D067962-4BBF-4070-A660-E1A7D5B592DE}.Debug|Any CPU.ActiveCfg = Debug|Any CPU
		{7D067962-4BBF-4070-A660-E1A7D5B592DE}.Debug|Any CPU.Build.0 = Debug|Any CPU
		{7D067962-4BBF-4070-A660-E1A7D5B592DE}.Release|Any CPU.ActiveCfg = Release|Any CPU
		{7D067962-4BBF-4070-A660-E1A7D5B592DE}.Release|Any CPU.Build.0 = Release|Any CPU
		{A4682521-4A19-4541-B70C-D3DE592F6CFD}.Debug|Any CPU.ActiveCfg = Debug|Any CPU
		{A4682521-4A19-4541-B70C-D3DE592F6CFD}.Debug|Any CPU.Build.0 = Debug|Any CPU
		{A4682521-4A19-4541-B70C-D3DE592F6CFD}.Release|Any CPU.ActiveCfg = Release|Any CPU
		{A4682521-4A19-4541-B70C-D3DE592F6CFD}.Release|Any CPU.Build.0 = Release|Any CPU
		{8D6A0780-C274-4BDB-B5C3-DDED219A4F46}.Debug|Any CPU.ActiveCfg = Debug|Any CPU
		{8D6A0780-C274-4BDB-B5C3-DDED219A4F46}.Debug|Any CPU.Build.0 = Debug|Any CPU
		{8D6A0780-C274-4BDB-B5C3-DDED219A4F46}.Release|Any CPU.ActiveCfg = Release|Any CPU
		{8D6A0780-C274-4BDB-B5C3-DDED219A4F46}.Release|Any CPU.Build.0 = Release|Any CPU
	EndGlobalSection
	GlobalSection(SolutionProperties) = preSolution
		HideSolutionNode = FALSE
	EndGlobalSection
	GlobalSection(NestedProjects) = preSolution
		{7D067962-4BBF-4070-A660-E1A7D5B592DE} = {9F82727E-D6A3-4FB6-BB92-59BC2EEBAAFD}
		{A4682521-4A19-4541-B70C-D3DE592F6CFD} = {239A1C06-DDFF-41FD-B8D3-3678BEC73022}
		{8D6A0780-C274-4BDB-B5C3-DDED219A4F46} = {A896DE44-2297-47F4-B83F-738A57BEBA4F}
	EndGlobalSection
	GlobalSection(ExtensibilityGlobals) = postSolution
		SolutionGuid = {5632013B-B0AE-4988-BDC5-C8E2029806D1}
	EndGlobalSection
EndGlobal
